# This file is automatically @generated by Poetry 1.7.1 and should not be changed by hand.

[[package]]
name = "lib-a"
version = "0.0.0"
description = ""
optional = false
python-versions = "^3.10"
files = []
develop = true

[package.source]
type = "directory"
url = "lib-a"

[metadata]
lock-version = "2.0"
python-versions = "^3.10"
content-hash = "c9d82306a12ccf64b524db2b455cce2857dde377029b120d2ffee5cec0d0e88a"
